// !$*UTF8*$!
{
	archiveVersion = 1;
	classes = {
	};
	objectVersion = 46;
	objects = {

/* Begin PBXBuildFile section */
		EE077CEA1C22C01300F0FB77 /* AppDelegate.swift in Sources */ = {isa = PBXBuildFile; fileRef = EE077CE91C22C01300F0FB77 /* AppDelegate.swift */; };
		EE077CEC1C22C01300F0FB77 /* ViewController.swift in Sources */ = {isa = PBXBuildFile; fileRef = EE077CEB1C22C01300F0FB77 /* ViewController.swift */; };
		EE077CEF1C22C01300F0FB77 /* Main.storyboard in Resources */ = {isa = PBXBuildFile; fileRef = EE077CED1C22C01300F0FB77 /* Main.storyboard */; };
		EE077CF11C22C01300F0FB77 /* Assets.xcassets in Resources */ = {isa = PBXBuildFile; fileRef = EE077CF01C22C01300F0FB77 /* Assets.xcassets */; };
		EE077CF41C22C01300F0FB77 /* LaunchScreen.storyboard in Resources */ = {isa = PBXBuildFile; fileRef = EE077CF21C22C01300F0FB77 /* LaunchScreen.storyboard */; };
		EEC047531C22DC8700A51184 /* friends.plist in Resources */ = {isa = PBXBuildFile; fileRef = EEC047521C22DC8700A51184 /* friends.plist */; };
		EEC047601C22DE6400A51184 /* JKGroupModel.swift in Sources */ = {isa = PBXBuildFile; fileRef = EEC0475F1C22DE6400A51184 /* JKGroupModel.swift */; };
		EEC047621C22DE7D00A51184 /* JKFriendsModel.swift in Sources */ = {isa = PBXBuildFile; fileRef = EEC047611C22DE7D00A51184 /* JKFriendsModel.swift */; };
/* End PBXBuildFile section */

/* Begin PBXFileReference section */
		EE077CE61C22C01300F0FB77 /* jif-appleqqlist.app */ = {isa = PBXFileReference; explicitFileType = wrapper.application; includeInIndex = 0; path = "jif-appleqqlist.app"; sourceTree = BUILT_PRODUCTS_DIR; };
		EE077CE91C22C01300F0FB77 /* AppDelegate.swift */ = {isa = PBXFileReference; lastKnownFileType = sourcecode.swift; path = AppDelegate.swift; sourceTree = "<group>"; };
		EE077CEB1C22C01300F0FB77 /* ViewController.swift */ = {isa = PBXFileReference; lastKnownFileType = sourcecode.swift; path = ViewController.swift; sourceTree = "<group>"; };
		EE077CEE1C22C01300F0FB77 /* Base */ = {isa = PBXFileReference; lastKnownFileType = file.storyboard; name = Base; path = Base.lproj/Main.storyboard; sourceTree = "<group>"; };
		EE077CF01C22C01300F0FB77 /* Assets.xcassets */ = {isa = PBXFileReference; lastKnownFileType = folder.assetcatalog; path = Assets.xcassets; sourceTree = "<group>"; };
		EE077CF31C22C01300F0FB77 /* Base */ = {isa = PBXFileReference; lastKnownFileType = file.storyboard; name = Base; path = Base.lproj/LaunchScreen.storyboard; sourceTree = "<group>"; };
		EE077CF51C22C01300F0FB77 /* Info.plist */ = {isa = PBXFileReference; lastKnownFileType = text.plist.xml; path = Info.plist; sourceTree = "<group>"; };
		EEC047521C22DC8700A51184 /* friends.plist */ = {isa = PBXFileReference; fileEncoding = 4; lastKnownFileType = text.plist.xml; path = friends.plist; sourceTree = "<group>"; };
		EEC0475F1C22DE6400A51184 /* JKGroupModel.swift */ = {isa = PBXFileReference; fileEncoding = 4; lastKnownFileType = sourcecode.swift; path = JKGroupModel.swift; sourceTree = "<group>"; };
		EEC047611C22DE7D00A51184 /* JKFriendsModel.swift */ = {isa = PBXFileReference; fileEncoding = 4; lastKnownFileType = sourcecode.swift; path = JKFriendsModel.swift; sourceTree = "<group>"; };
/* End PBXFileReference section */

/* Begin PBXFrameworksBuildPhase section */
		EE077CE31C22C01300F0FB77 /* Frameworks */ = {
			isa = PBXFrameworksBuildPhase;
			buildActionMask = 2147483647;
			files = (
			);
			runOnlyForDeploymentPostprocessing = 0;
		};
/* End PBXFrameworksBuildPhase section */

/* Begin PBXGroup section */
		EE077CDD1C22C01300F0FB77 = {
			isa = PBXGroup;
			children = (
				EE077CE81C22C01300F0FB77 /* jif-appleqqlist */,
				EE077CE71C22C01300F0FB77 /* Products */,
			);
			sourceTree = "<group>";
		};
		EE077CE71C22C01300F0FB77 /* Products */ = {
			isa = PBXGroup;
			children = (
				EE077CE61C22C01300F0FB77 /* jif-appleqqlist.app */,
			);
			name = Products;
			sourceTree = "<group>";
		};
		EE077CE81C22C01300F0FB77 /* jif-appleqqlist */ = {
			isa = PBXGroup;
			children = (
				EEC047561C22DD1000A51184 /* Model */,
				EEC047551C22DD0400A51184 /* View */,
				EEC047541C22DCF400A51184 /* Controller */,
				EEC047511C22DC7200A51184 /* Supporting Files */,
				EE077CE91C22C01300F0FB77 /* AppDelegate.swift */,
				EE077CEB1C22C01300F0FB77 /* ViewController.swift */,
				EE077CED1C22C01300F0FB77 /* Main.storyboard */,
				EE077CF01C22C01300F0FB77 /* Assets.xcassets */,
				EE077CF21C22C01300F0FB77 /* LaunchScreen.storyboard */,
				EE077CF51C22C01300F0FB77 /* Info.plist */,
			);
			path = "jif-appleqqlist";
			sourceTree = "<group>";
		};
		EEC047511C22DC7200A51184 /* Supporting Files */ = {
			isa = PBXGroup;
			children = (
				EEC047521C22DC8700A51184 /* friends.plist */,
			);
			path = "Supporting Files";
			sourceTree = "<group>";
		};
		EEC047541C22DCF400A51184 /* Controller */ = {
			isa = PBXGroup;
			children = (
			);
			path = Controller;
			sourceTree = "<group>";
		};
		EEC047551C22DD0400A51184 /* View */ = {
			isa = PBXGroup;
			children = (
			);
			path = View;
			sourceTree = "<group>";
		};
		EEC047561C22DD1000A51184 /* Model */ = {
			isa = PBXGroup;
			children = (
				EEC0475F1C22DE6400A51184 /* JKGroupModel.swift */,
				EEC047611C22DE7D00A51184 /* JKFriendsModel.swift */,
			);
			path = Model;
			sourceTree = "<group>";
		};
/* End PBXGroup section */

/* Begin PBXNativeTarget section */
		EE077CE51C22C01300F0FB77 /* jif-appleqqlist */ = {
			isa = PBXNativeTarget;
			buildConfigurationList = EE077CF81C22C01300F0FB77 /* Build configuration list for PBXNativeTarget "jif-appleqqlist" */;
			buildPhases = (
				EE077CE21C22C01300F0FB77 /* Sources */,
				EE077CE31C22C01300F0FB77 /* Frameworks */,
				EE077CE41C22C01300F0FB77 /* Resources */,
			);
			buildRules = (
			);
			dependencies = (
			);
			name = "jif-appleqqlist";
			productName = "jif-appleqqlist";
			productReference = EE077CE61C22C01300F0FB77 /* jif-appleqqlist.app */;
			productType = "com.apple.product-type.application";
		};
/* End PBXNativeTarget section */

/* Begin PBXProject section */
		EE077CDE1C22C01300F0FB77 /* Project object */ = {
			isa = PBXProject;
			attributes = {
				LastSwiftUpdateCheck = 0720;
				LastUpgradeCheck = 0720;
				ORGANIZATIONNAME = "Fei Jin";
				TargetAttributes = {
					EE077CE51C22C01300F0FB77 = {
						CreatedOnToolsVersion = 7.2;
					};
				};
			};
			buildConfigurationList = EE077CE11C22C01300F0FB77 /* Build configuration list for PBXProject "jif-appleqqlist" */;
			compatibilityVersion = "Xcode 3.2";
			developmentRegion = English;
			hasScannedForEncodings = 0;
			knownRegions = (
				en,
				Base,
			);
			mainGroup = EE077CDD1C22C01300F0FB77;
			productRefGroup = EE077CE71C22C01300F0FB77 /* Products */;
			projectDirPath = "";
			projectRoot = "";
			targets = (
				EE077CE51C22C01300F0FB77 /* jif-appleqqlist */,
			);
		};
/* End PBXProject section */

/* Begin PBXResourcesBuildPhase section */
		EE077CE41C22C01300F0FB77 /* Resources */ = {
			isa = PBXResourcesBuildPhase;
			buildActionMask = 2147483647;
			files = (
				EE077CF41C22C01300F0FB77 /* LaunchScreen.storyboard in Resources */,
				EE077CF11C22C01300F0FB77 /* Assets.xcassets in Resources */,
				EEC047531C22DC8700A51184 /* friends.plist in Resources */,
				EE077CEF1C22C01300F0FB77 /* Main.storyboard in Resources */,
			);
			runOnlyForDeploymentPostprocessing = 0;
		};
/* End PBXResourcesBuildPhase section */

/* Begin PBXSourcesBuildPhase section */
		EE077CE21C22C01300F0FB77 /* Sources */ = {
			isa = PBXSourcesBuildPhase;
			buildActionMask = 2147483647;
			files = (
				EEC047621C22DE7D00A51184 /* JKFriendsModel.swift in Sources */,
				EEC047601C22DE6400A51184 /* JKGroupModel.swift in Sources */,
				EE077CEC1C22C01300F0FB77 /* ViewController.swift in Sources */,
				EE077CEA1C22C01300F0FB77 /* AppDelegate.swift in Sources */,
			);
			runOnlyForDeploymentPostprocessing = 0;
		};
/* End PBXSourcesBuildPhase section */

/* Begin PBXVariantGroup section */
		EE077CED1C22C01300F0FB77 /* Main.storyboard */ = {
			isa = PBXVariantGroup;
			children = (
				EE077CEE1C22C01300F0FB77 /* Base */,
			);
			name = Main.storyboard;
			sourceTree = "<group>";
		};
		EE077CF21C22C01300F0FB77 /* LaunchScreen.storyboard */ = {
			isa = PBXVariantGroup;
			children = (
				EE077CF31C22C01300F0FB77 /* Base */,
			);
			name = LaunchScreen.storyboard;
			sourceTree = "<group>";
		};
/* End PBXVariantGroup section */

/* Begin XCBuildConfiguration section */
		EE077CF61C22C01300F0FB77 /* Debug */ = {
			isa = XCBuildConfiguration;
			buildSettings = {
				ALWAYS_SEARCH_USER_PATHS = NO;
				CLANG_CXX_LANGUAGE_STANDARD = "gnu++0x";
				CLANG_CXX_LIBRARY = "libc++";
				CLANG_ENABLE_MODULES = YES;
				CLANG_ENABLE_OBJC_ARC = YES;
				CLANG_WARN_BOOL_CONVERSION = YES;
				CLANG_WARN_CONSTANT_CONVERSION = YES;
				CLANG_WARN_DIRECT_OBJC_ISA_USAGE = YES_ERROR;
				CLANG_WARN_EMPTY_BODY = YES;
				CLANG_WARN_ENUM_CONVERSION = YES;
				CLANG_WARN_INT_CONVERSION = YES;
				CLANG_WARN_OBJC_ROOT_CLASS = YES_ERROR;
				CLANG_WARN_UNREACHABLE_CODE = YES;
				CLANG_WARN__DUPLICATE_METHOD_MATCH = YES;
				"CODE_SIGN_IDENTITY[sdk=iphoneos*]" = "iPhone Developer";
				COPY_PHASE_STRIP = NO;
				DEBUG_INFORMATION_FORMAT = dwarf;
				ENABLE_STRICT_OBJC_MSGSEND = YES;
				ENABLE_TESTABILITY = YES;
				GCC_C_LANGUAGE_STANDARD = gnu99;
				GCC_DYNAMIC_NO_PIC = NO;
				GCC_NO_COMMON_BLOCKS = YES;
				GCC_OPTIMIZATION_LEVEL = 0;
				GCC_PREPROCESSOR_DEFINITIONS = (
					"DEBUG=1",
					"$(inherited)",
				);
				GCC_WARN_64_TO_32_BIT_CONVERSION = YES;
				GCC_WARN_ABOUT_RETURN_TYPE = YES_ERROR;
				GCC_WARN_UNDECLARED_SELECTOR = YES;
				GCC_WARN_UNINITIALIZED_AUTOS = YES_AGGRESSIVE;
				GCC_WARN_UNUSED_FUNCTION = YES;
				GCC_WARN_UNUSED_VARIABLE = YES;
				IPHONEOS_DEPLOYMENT_TARGET = 9.2;
				MTL_ENABLE_DEBUG_INFO = YES;
				ONLY_ACTIVE_ARCH = YES;
				SDKROOT = iphoneos;
				SWIFT_OPTIMIZATION_LEVEL = "-Onone";
				TARGETED_DEVICE_FAMILY = "1,2";
			};
			name = Debug;
		};
		EE077CF71C22C01300F0FB77 /* Release */ = {
			isa = XCBuildConfiguration;
			buildSettings = {
				ALWAYS_SEARCH_USER_PATHS = NO;
				CLANG_CXX_LANGUAGE_STANDARD = "gnu++0x";
				CLANG_CXX_LIBRARY = "libc++";
				CLANG_ENABLE_MODULES = YES;
				CLANG_ENABLE_OBJC_ARC = YES;
				CLANG_WARN_BOOL_CONVERSION = YES;
				CLANG_WARN_CONSTANT_CONVERSION = YES;
				CLANG_WARN_DIRECT_OBJC_ISA_USAGE = YES_ERROR;
				CLANG_WARN_EMPTY_BODY = YES;
				CLANG_WARN_ENUM_CONVERSION = YES;
				CLANG_WARN_INT_CONVERSION = YES;
				CLANG_WARN_OBJC_ROOT_CLASS = YES_ERROR;
				CLANG_WARN_UNREACHABLE_CODE = YES;
				CLANG_WARN__DUPLICATE_METHOD_MATCH = YES;
				"CODE_SIGN_IDENTITY[sdk=iphoneos*]" = "iPhone Developer";
				COPY_PHASE_STRIP = NO;
				DEBUG_INFORMATION_FORMAT = "dwarf-with-dsym";
				ENABLE_NS_ASSERTIONS = NO;
				ENABLE_STRICT_OBJC_MSGSEND = YES;
				GCC_C_LANGUAGE_STANDARD = gnu99;
				GCC_NO_COMMON_BLOCKS = YES;
				GCC_WARN_64_TO_32_BIT_CONVERSION = YES;
				GCC_WARN_ABOUT_RETURN_TYPE = YES_ERROR;
				GCC_WARN_UNDECLARED_SELECTOR = YES;
				GCC_WARN_UNINITIALIZED_AUTOS = YES_AGGRESSIVE;
				GCC_WARN_UNUSED_FUNCTION = YES;
				GCC_WARN_UNUSED_VARIABLE = YES;
				IPHONEOS_DEPLOYMENT_TARGET = 9.2;
				MTL_ENABLE_DEBUG_INFO = NO;
				SDKROOT = iphoneos;
				TARGETED_DEVICE_FAMILY = "1,2";
				VALIDATE_PRODUCT = YES;
			};
			name = Release;
		};
		EE077CF91C22C01300F0FB77 /* Debug */ = {
			isa = XCBuildConfiguration;
			buildSettings = {
				ASSETCATALOG_COMPILER_APPICON_NAME = AppIcon;
				INFOPLIST_FILE = "jif-appleqqlist/Info.plist";
				LD_RUNPATH_SEARCH_PATHS = "$(inherited) @executable_path/Frameworks";
				PRODUCT_BUNDLE_IDENTIFIER = "com.bgenius.jif-appleqqlist";
				PRODUCT_NAME = "$(TARGET_NAME)";
			};
			name = Debug;
		};
		EE077CFA1C22C01300F0FB77 /* Release */ = {
			isa = XCBuildConfiguration;
			buildSettings = {
				ASSETCATALOG_COMPILER_APPICON_NAME = AppIcon;
				INFOPLIST_FILE = "jif-appleqqlist/Info.plist";
				LD_RUNPATH_SEARCH_PATHS = "$(inherited) @executable_path/Frameworks";
				PRODUCT_BUNDLE_IDENTIFIER = "com.bgenius.jif-appleqqlist";
				PRODUCT_NAME = "$(TARGET_NAME)";
			};
			name = Release;
		};
/* End XCBuildConfiguration section */

/* Begin XCConfigurationList section */
		EE077CE11C22C01300F0FB77 /* Build configuration list for PBXProject "jif-appleqqlist" */ = {
			isa = XCConfigurationList;
			buildConfigurations = (
				EE077CF61C22C01300F0FB77 /* Debug */,
				EE077CF71C22C01300F0FB77 /* Release */,
			);
			defaultConfigurationIsVisible = 0;
			defaultConfigurationName = Release;
		};
		EE077CF81C22C01300F0FB77 /* Build configuration list for PBXNativeTarget "jif-appleqqlist" */ = {
			isa = XCConfigurationList;
			buildConfigurations = (
				EE077CF91C22C01300F0FB77 /* Debug */,
				EE077CFA1C22C01300F0FB77 /* Release */,
			);
			defaultConfigurationIsVisible = 0;
			defaultConfigurationName = Release;
		};
/* End XCConfigurationList section */
	};
	rootObject = EE077CDE1C22C01300F0FB77 /* Project object */;
}
